
Microsoft Visual Studio Solution File, Format Version 12.00
# Visual Studio Version 17
VisualStudioVersion = 17.1.32319.34
MinimumVisualStudioVersion = 10.0.40219.1
Project("{9A19103F-16F7-4668-BE54-9A1E7A4F7556}") = "EventService", "EventService\EventService.csproj", "{646B5BCD-AEC0-4C89-A268-D11073B11DCB}"
EndProject
Project("{FAE04EC0-301F-11D3-BF4B-00C04F79EFBC}") = "EventService.Tests.E2E", "EventService.Tests.E2E\EventService.Tests.E2E.csproj", "{0E368652-9AFF-461A-B411-5A7D976D78EF}"
EndProject
Project("{FAE04EC0-301F-11D3-BF4B-00C04F79EFBC}") = "EventService.Tests.Unit", "EventService.Tests.Unit\EventService.Tests.Unit.csproj", "{2B9BEB3B-6872-4B7F-A853-38C3C47F9F0C}"
EndProject
Global
	GlobalSection(SolutionConfigurationPlatforms) = preSolution
		Debug|Any CPU = Debug|Any CPU
		Release|Any CPU = Release|Any CPU
	EndGlobalSection
	GlobalSection(ProjectConfigurationPlatforms) = postSolution
		{646B5BCD-AEC0-4C89-A268-D11073B11DCB}.Debug|Any CPU.ActiveCfg = Debug|Any CPU
		{646B5BCD-AEC0-4C89-A268-D11073B11DCB}.Debug|Any CPU.Build.0 = Debug|Any CPU
		{646B5BCD-AEC0-4C89-A268-D11073B11DCB}.Release|Any CPU.ActiveCfg = Release|Any CPU
		{646B5BCD-AEC0-4C89-A268-D11073B11DCB}.Release|Any CPU.Build.0 = Release|Any CPU
		{0E368652-9AFF-461A-B411-5A7D976D78EF}.Debug|Any CPU.ActiveCfg = Debug|Any CPU
		{0E368652-9AFF-461A-B411-5A7D976D78EF}.Debug|Any CPU.Build.0 = Debug|Any CPU
		{0E368652-9AFF-461A-B411-5A7D976D78EF}.Release|Any CPU.ActiveCfg = Release|Any CPU
		{0E368652-9AFF-461A-B411-5A7D976D78EF}.Release|Any CPU.Build.0 = Release|Any CPU
		{2B9BEB3B-6872-4B7F-A853-38C3C47F9F0C}.Debug|Any CPU.ActiveCfg = Debug|Any CPU
		{2B9BEB3B-6872-4B7F-A853-38C3C47F9F0C}.Debug|Any CPU.Build.0 = Debug|Any CPU
		{2B9BEB3B-6872-4B7F-A853-38C3C47F9F0C}.Release|Any CPU.ActiveCfg = Release|Any CPU
		{2B9BEB3B-6872-4B7F-A853-38C3C47F9F0C}.Release|Any CPU.Build.0 = Release|Any CPU
	EndGlobalSection
	GlobalSection(SolutionProperties) = preSolution
		HideSolutionNode = FALSE
	EndGlobalSection
	GlobalSection(ExtensibilityGlobals) = postSolution
		SolutionGuid = {8F8975B8-1530-435F-84C1-D0F5C7FA9E3B}
	EndGlobalSection
EndGlobal
